
Microsoft Visual Studio Solution File, Format Version 12.00
# Visual Studio Version 17
VisualStudioVersion = 17.0.31903.59
MinimumVisualStudioVersion = 10.0.40219.1
Project("{FAE04EC0-301F-11D3-BF4B-00C04F79EFBC}") = "NewsFlow", "NewsFlow\NewsFlow.csproj", "{EAC76EE4-0097-42E8-B84F-0161DE43161A}"
EndProject
Project("{FAE04EC0-301F-11D3-BF4B-00C04F79EFBC}") = "NewsFlow.Tests", "NewsFlow.Tests\NewsFlow.Tests.csproj", "{3255FD5A-77D8-4EEF-BC49-B2A21B1C7158}"
EndProject
Global
	GlobalSection(SolutionConfigurationPlatforms) = preSolution
		Debug|Any CPU = Debug|Any CPU
		Release|Any CPU = Release|Any CPU
	EndGlobalSection
	GlobalSection(SolutionProperties) = preSolution
		HideSolutionNode = FALSE
	EndGlobalSection
	GlobalSection(ProjectConfigurationPlatforms) = postSolution
		{EAC76EE4-0097-42E8-B84F-0161DE43161A}.Debug|Any CPU.ActiveCfg = Debug|Any CPU
		{EAC76EE4-0097-42E8-B84F-0161DE43161A}.Debug|Any CPU.Build.0 = Debug|Any CPU
		{EAC76EE4-0097-42E8-B84F-0161DE43161A}.Release|Any CPU.ActiveCfg = Release|Any CPU
		{EAC76EE4-0097-42E8-B84F-0161DE43161A}.Release|Any CPU.Build.0 = Release|Any CPU
		{3255FD5A-77D8-4EEF-BC49-B2A21B1C7158}.Debug|Any CPU.ActiveCfg = Debug|Any CPU
		{3255FD5A-77D8-4EEF-BC49-B2A21B1C7158}.Debug|Any CPU.Build.0 = Debug|Any CPU
		{3255FD5A-77D8-4EEF-BC49-B2A21B1C7158}.Release|Any CPU.ActiveCfg = Release|Any CPU
		{3255FD5A-77D8-4EEF-BC49-B2A21B1C7158}.Release|Any CPU.Build.0 = Release|Any CPU
	EndGlobalSection
EndGlobal
